// !$*UTF8*$!
{
	archiveVersion = 1;
	classes = {
	};
	objectVersion = 52;
	objects = {

/* Begin PBXBuildFile section */
		7407E73325A452CF00503D94 /* education.json in Resources */ = {isa = PBXBuildFile; fileRef = 7407E73225A452CF00503D94 /* education.json */; };
		7407E73625A452FE00503D94 /* financial_lottie.json in Resources */ = {isa = PBXBuildFile; fileRef = 7407E73525A452FE00503D94 /* financial_lottie.json */; };
		7407E73925A4531200503D94 /* painter.json in Resources */ = {isa = PBXBuildFile; fileRef = 7407E73825A4531200503D94 /* painter.json */; };
		7407E73C25A4531E00503D94 /* technology.json in Resources */ = {isa = PBXBuildFile; fileRef = 7407E73B25A4531E00503D94 /* technology.json */; };
		741A1AD125AFF0BA004CDA17 /* CryptocurrencyData.swift in Sources */ = {isa = PBXBuildFile; fileRef = 741A1AD025AFF0BA004CDA17 /* CryptocurrencyData.swift */; };
		7444112A258EF65A00F54290 /* TechShowcaseView.swift in Sources */ = {isa = PBXBuildFile; fileRef = 74441129258EF65A00F54290 /* TechShowcaseView.swift */; };
		74441130258EF83A00F54290 /* IndividualTechnologyView.swift in Sources */ = {isa = PBXBuildFile; fileRef = 7444112F258EF83A00F54290 /* IndividualTechnologyView.swift */; };
		74441143258F098500F54290 /* GlobalVariables.swift in Sources */ = {isa = PBXBuildFile; fileRef = 74441142258F098500F54290 /* GlobalVariables.swift */; };
		74441146258F09B600F54290 /* TechnologyData.swift in Sources */ = {isa = PBXBuildFile; fileRef = 74441145258F09B600F54290 /* TechnologyData.swift */; };
		7455106A25941B4B008AA796 /* MenuUtilitiesView.swift in Sources */ = {isa = PBXBuildFile; fileRef = 7455106925941B4B008AA796 /* MenuUtilitiesView.swift */; };
		745510732594890B008AA796 /* NewsArticleView.swift in Sources */ = {isa = PBXBuildFile; fileRef = 745510722594890B008AA796 /* NewsArticleView.swift */; };
		745510982595DE74008AA796 /* BuildFile in Frameworks */ = {isa = PBXBuildFile; productRef = 745510972595DE74008AA796 /* SwiftPackageProductDependency */; };
		748390F225A11C2E0000E9DA /* StockListData.swift in Sources */ = {isa = PBXBuildFile; fileRef = 748390F125A11C2E0000E9DA /* StockListData.swift */; };
		748390FF25A133D20000E9DA /* BuildFile in Frameworks */ = {isa = PBXBuildFile; productRef = 748390FE25A133D20000E9DA /* SwiftPackageProductDependency */; };
		7489C8D5258E102D0085BC69 /* ColorSelectionView.swift in Sources */ = {isa = PBXBuildFile; fileRef = 7489C8D4258E102D0085BC69 /* ColorSelectionView.swift */; };
		7489C8DB258E1F600085BC69 /* CustomColors.swift in Sources */ = {isa = PBXBuildFile; fileRef = 7489C8DA258E1F600085BC69 /* CustomColors.swift */; };
		748B49492596DD2C00F10EFA /* StockDetailData.swift in Sources */ = {isa = PBXBuildFile; fileRef = 748B49482596DD2C00F10EFA /* StockDetailData.swift */; };
		748B494C2596DD4A00F10EFA /* SearchResult.swift in Sources */ = {isa = PBXBuildFile; fileRef = 748B494B2596DD4A00F10EFA /* SearchResult.swift */; };
		748B494F2596DD7200F10EFA /* StockNewsArticle.swift in Sources */ = {isa = PBXBuildFile; fileRef = 748B494E2596DD7200F10EFA /* StockNewsArticle.swift */; };
		748B49522596DD8C00F10EFA /* StockChartPoint.swift in Sources */ = {isa = PBXBuildFile; fileRef = 748B49512596DD8C00F10EFA /* StockChartPoint.swift */; };
		748B49552596DDAE00F10EFA /* Earnings.swift in Sources */ = {isa = PBXBuildFile; fileRef = 748B49542596DDAE00F10EFA /* Earnings.swift */; };
		748B49862598454400F10EFA /* CompanyProfile.swift in Sources */ = {isa = PBXBuildFile; fileRef = 748B49852598454400F10EFA /* CompanyProfile.swift */; };
		748E7CE5258A1FAC00477F53 /* GrowthPlusApp.swift in Sources */ = {isa = PBXBuildFile; fileRef = 748E7CE4258A1FAC00477F53 /* GrowthPlusApp.swift */; };
		748E7CE9258A1FAC00477F53 /* Assets.xcassets in Resources */ = {isa = PBXBuildFile; fileRef = 748E7CE8258A1FAC00477F53 /* Assets.xcassets */; };
		748E7CEC258A1FAC00477F53 /* Preview Assets.xcassets in Resources */ = {isa = PBXBuildFile; fileRef = 748E7CEB258A1FAC00477F53 /* Preview Assets.xcassets */; };
		748E7CF8258A1FDA00477F53 /* Color+Extension.swift in Sources */ = {isa = PBXBuildFile; fileRef = 748E7CF5258A1FDA00477F53 /* Color+Extension.swift */; };
		748E7CFD258A1FE100477F53 /* HorizontalProgressView.swift in Sources */ = {isa = PBXBuildFile; fileRef = 748E7CFB258A1FE100477F53 /* HorizontalProgressView.swift */; };
		748E7CFE258A1FE100477F53 /* HeaderView.swift in Sources */ = {isa = PBXBuildFile; fileRef = 748E7CFC258A1FE100477F53 /* HeaderView.swift */; };
		748E7D02258A1FE800477F53 /* InvestmentHeaderView.swift in Sources */ = {isa = PBXBuildFile; fileRef = 748E7D00258A1FE800477F53 /* InvestmentHeaderView.swift */; };
		748E7D03258A1FE800477F53 /* StockPerformanceView.swift in Sources */ = {isa = PBXBuildFile; fileRef = 748E7D01258A1FE800477F53 /* StockPerformanceView.swift */; };
		748E7D07258A1FF000477F53 /* PortfolioManager.swift in Sources */ = {isa = PBXBuildFile; fileRef = 748E7D05258A1FF000477F53 /* PortfolioManager.swift */; };
		748E7D08258A1FF000477F53 /* PortfolioListView.swift in Sources */ = {isa = PBXBuildFile; fileRef = 748E7D06258A1FF000477F53 /* PortfolioListView.swift */; };
		748E7D0C258A1FF600477F53 /* RealmObjects.swift in Sources */ = {isa = PBXBuildFile; fileRef = 748E7D0A258A1FF600477F53 /* RealmObjects.swift */; };
		748E7D0D258A1FF600477F53 /* FinancialAPIConnection.swift in Sources */ = {isa = PBXBuildFile; fileRef = 748E7D0B258A1FF600477F53 /* FinancialAPIConnection.swift */; };
		748E7D15258A1FFD00477F53 /* SearchStockView.swift in Sources */ = {isa = PBXBuildFile; fileRef = 748E7D0F258A1FFC00477F53 /* SearchStockView.swift */; };
		748E7D16258A1FFD00477F53 /* StockPageView.swift in Sources */ = {isa = PBXBuildFile; fileRef = 748E7D10258A1FFC00477F53 /* StockPageView.swift */; };
		748E7D17258A1FFD00477F53 /* StockCardView.swift in Sources */ = {isa = PBXBuildFile; fileRef = 748E7D11258A1FFD00477F53 /* StockCardView.swift */; };
		748E7D18258A1FFD00477F53 /* StockDataModel.swift in Sources */ = {isa = PBXBuildFile; fileRef = 748E7D12258A1FFD00477F53 /* StockDataModel.swift */; };
		748E7D19258A1FFD00477F53 /* SearchResultView.swift in Sources */ = {isa = PBXBuildFile; fileRef = 748E7D13258A1FFD00477F53 /* SearchResultView.swift */; };
		748E7D1A258A1FFD00477F53 /* SellView.swift in Sources */ = {isa = PBXBuildFile; fileRef = 748E7D14258A1FFD00477F53 /* SellView.swift */; };
		748E7D2A258A212100477F53 /* LandingPageView.swift in Sources */ = {isa = PBXBuildFile; fileRef = 748E7D29258A212100477F53 /* LandingPageView.swift */; };
		7492AF06259ECBC10039FCCF /* BuildFile in Frameworks */ = {isa = PBXBuildFile; productRef = 7492AF05259ECBC10039FCCF /* SwiftPackageProductDependency */; };
		7492AF1D25A029110039FCCF /* CompanyProfileView.swift in Sources */ = {isa = PBXBuildFile; fileRef = 7492AF1C25A029110039FCCF /* CompanyProfileView.swift */; };
		7492AF2225A03A020039FCCF /* StockListView.swift in Sources */ = {isa = PBXBuildFile; fileRef = 7492AF2125A03A020039FCCF /* StockListView.swift */; };
		74938F65258DFB17004385ED /* SettingsView.swift in Sources */ = {isa = PBXBuildFile; fileRef = 74938F64258DFB17004385ED /* SettingsView.swift */; };
		74938F70258E0765004385ED /* LottieView.swift in Sources */ = {isa = PBXBuildFile; fileRef = 74938F6F258E0765004385ED /* LottieView.swift */; };
		7496683E259C27A9008A7501 /* BuildFile in Frameworks */ = {isa = PBXBuildFile; productRef = 7496683D259C27A9008A7501 /* SwiftPackageProductDependency */; };
		74BCFF2025B05B52001B8179 /* BuildFile in Frameworks */ = {isa = PBXBuildFile; productRef = 74BCFF1F25B05B52001B8179 /* SwiftPackageProductDependency */; };
		74BCFF2525B05BCA001B8179 /* BuildFile in Frameworks */ = {isa = PBXBuildFile; productRef = 74BCFF2425B05BCA001B8179 /* SwiftPackageProductDependency */; };
		74C16617259C6DBF009D7FB6 /* AnalystRecommendation.swift in Sources */ = {isa = PBXBuildFile; fileRef = 74C16616259C6DBF009D7FB6 /* AnalystRecommendation.swift */; };
		74C1661A259C70BE009D7FB6 /* SectorPerformance.swift in Sources */ = {isa = PBXBuildFile; fileRef = 74C16619259C70BE009D7FB6 /* SectorPerformance.swift */; };
		74C16624259C7850009D7FB6 /* DiscoverView.swift in Sources */ = {isa = PBXBuildFile; fileRef = 74C16623259C7850009D7FB6 /* DiscoverView.swift */; };
		74C16628259C793E009D7FB6 /* SectorView.swift in Sources */ = {isa = PBXBuildFile; fileRef = 74C16627259C793E009D7FB6 /* SectorView.swift */; };
		74CD0AA925A5CE0000813963 /* BuildFile in Frameworks */ = {isa = PBXBuildFile; productRef = 74CD0AA825A5CE0000813963 /* SwiftPackageProductDependency */; };
		74CD0AAB25A5CE0000813963 /* BuildFile in Frameworks */ = {isa = PBXBuildFile; productRef = 74CD0AAA25A5CE0000813963 /* SwiftPackageProductDependency */; };
		74D456D725A6BD26007AAF71 /* ChatViewController.swift in Sources */ = {isa = PBXBuildFile; fileRef = 74D456D625A6BD26007AAF71 /* ChatViewController.swift */; };
		74D9FC8C25B052BF00F2401A /* CryptoCardView.swift in Sources */ = {isa = PBXBuildFile; fileRef = 74D9FC8B25B052BF00F2401A /* CryptoCardView.swift */; };
		74D9FCA125B05A7600F2401A /* BuildFile in Frameworks */ = {isa = PBXBuildFile; productRef = 74D9FCA025B05A7600F2401A /* SwiftPackageProductDependency */; };
		CCD6EEB3659CF2B9660B8A87 /* Pods_GrowthPlus.framework in Frameworks */ = {isa = PBXBuildFile; fileRef = 3EAF9FE63D7E475EEE44D03A /* Pods_GrowthPlus.framework */; };
/* End PBXBuildFile section */

/* Begin PBXFileReference section */
		027F67215F0C947997C4AF85 /* Pods-GrowthPlus.debug.xcconfig */ = {isa = PBXFileReference; includeInIndex = 1; lastKnownFileType = text.xcconfig; name = "Pods-GrowthPlus.debug.xcconfig"; path = "Target Support Files/Pods-GrowthPlus/Pods-GrowthPlus.debug.xcconfig"; sourceTree = "<group>"; };
		3EAF9FE63D7E475EEE44D03A /* Pods_GrowthPlus.framework */ = {isa = PBXFileReference; explicitFileType = wrapper.framework; includeInIndex = 0; path = Pods_GrowthPlus.framework; sourceTree = BUILT_PRODUCTS_DIR; };
		7407E73225A452CF00503D94 /* education.json */ = {isa = PBXFileReference; fileEncoding = 4; lastKnownFileType = text.json; name = education.json; path = GrowthPlus/education.json; sourceTree = SOURCE_ROOT; };
		7407E73525A452FE00503D94 /* financial_lottie.json */ = {isa = PBXFileReference; fileEncoding = 4; lastKnownFileType = text.json; path = financial_lottie.json; sourceTree = "<group>"; };
		7407E73825A4531200503D94 /* painter.json */ = {isa = PBXFileReference; fileEncoding = 4; lastKnownFileType = text.json; path = painter.json; sourceTree = "<group>"; };
		7407E73B25A4531E00503D94 /* technology.json */ = {isa = PBXFileReference; fileEncoding = 4; lastKnownFileType = text.json; path = technology.json; sourceTree = "<group>"; };
		741A1AD025AFF0BA004CDA17 /* CryptocurrencyData.swift */ = {isa = PBXFileReference; lastKnownFileType = sourcecode.swift; path = CryptocurrencyData.swift; sourceTree = "<group>"; };
		74441129258EF65A00F54290 /* TechShowcaseView.swift */ = {isa = PBXFileReference; lastKnownFileType = sourcecode.swift; path = TechShowcaseView.swift; sourceTree = "<group>"; };
		7444112F258EF83A00F54290 /* IndividualTechnologyView.swift */ = {isa = PBXFileReference; lastKnownFileType = sourcecode.swift; path = IndividualTechnologyView.swift; sourceTree = "<group>"; };
		74441142258F098500F54290 /* GlobalVariables.swift */ = {isa = PBXFileReference; lastKnownFileType = sourcecode.swift; path = GlobalVariables.swift; sourceTree = "<group>"; };
		74441145258F09B600F54290 /* TechnologyData.swift */ = {isa = PBXFileReference; lastKnownFileType = sourcecode.swift; path = TechnologyData.swift; sourceTree = "<group>"; };
		7455106925941B4B008AA796 /* MenuUtilitiesView.swift */ = {isa = PBXFileReference; lastKnownFileType = sourcecode.swift; path = MenuUtilitiesView.swift; sourceTree = "<group>"; };
		745510722594890B008AA796 /* NewsArticleView.swift */ = {isa = PBXFileReference; lastKnownFileType = sourcecode.swift; path = NewsArticleView.swift; sourceTree = "<group>"; };
		748390F125A11C2E0000E9DA /* StockListData.swift */ = {isa = PBXFileReference; lastKnownFileType = sourcecode.swift; path = StockListData.swift; sourceTree = "<group>"; };
		7489C8D4258E102D0085BC69 /* ColorSelectionView.swift */ = {isa = PBXFileReference; lastKnownFileType = sourcecode.swift; path = ColorSelectionView.swift; sourceTree = "<group>"; };
		7489C8DA258E1F600085BC69 /* CustomColors.swift */ = {isa = PBXFileReference; lastKnownFileType = sourcecode.swift; path = CustomColors.swift; sourceTree = "<group>"; };
		748B49482596DD2C00F10EFA /* StockDetailData.swift */ = {isa = PBXFileReference; lastKnownFileType = sourcecode.swift; path = StockDetailData.swift; sourceTree = "<group>"; };
		748B494B2596DD4A00F10EFA /* SearchResult.swift */ = {isa = PBXFileReference; lastKnownFileType = sourcecode.swift; path = SearchResult.swift; sourceTree = "<group>"; };
		748B494E2596DD7200F10EFA /* StockNewsArticle.swift */ = {isa = PBXFileReference; lastKnownFileType = sourcecode.swift; path = StockNewsArticle.swift; sourceTree = "<group>"; };
		748B49512596DD8C00F10EFA /* StockChartPoint.swift */ = {isa = PBXFileReference; lastKnownFileType = sourcecode.swift; path = StockChartPoint.swift; sourceTree = "<group>"; };
		748B49542596DDAE00F10EFA /* Earnings.swift */ = {isa = PBXFileReference; lastKnownFileType = sourcecode.swift; path = Earnings.swift; sourceTree = "<group>"; };
		748B49852598454400F10EFA /* CompanyProfile.swift */ = {isa = PBXFileReference; lastKnownFileType = sourcecode.swift; path = CompanyProfile.swift; sourceTree = "<group>"; };
		748E7CE1258A1FAC00477F53 /* GrowthPlus.app */ = {isa = PBXFileReference; explicitFileType = wrapper.application; includeInIndex = 0; path = GrowthPlus.app; sourceTree = BUILT_PRODUCTS_DIR; };
		748E7CE4258A1FAC00477F53 /* GrowthPlusApp.swift */ = {isa = PBXFileReference; lastKnownFileType = sourcecode.swift; path = GrowthPlusApp.swift; sourceTree = "<group>"; };
		748E7CE8258A1FAC00477F53 /* Assets.xcassets */ = {isa = PBXFileReference; lastKnownFileType = folder.assetcatalog; path = Assets.xcassets; sourceTree = "<group>"; };
		748E7CEB258A1FAC00477F53 /* Preview Assets.xcassets */ = {isa = PBXFileReference; lastKnownFileType = folder.assetcatalog; path = "Preview Assets.xcassets"; sourceTree = "<group>"; };
		748E7CED258A1FAC00477F53 /* Info.plist */ = {isa = PBXFileReference; lastKnownFileType = text.plist.xml; path = Info.plist; sourceTree = "<group>"; };
		748E7CF5258A1FDA00477F53 /* Color+Extension.swift */ = {isa = PBXFileReference; fileEncoding = 4; lastKnownFileType = sourcecode.swift; path = "Color+Extension.swift"; sourceTree = "<group>"; };
		748E7CFB258A1FE100477F53 /* HorizontalProgressView.swift */ = {isa = PBXFileReference; fileEncoding = 4; lastKnownFileType = sourcecode.swift; path = HorizontalProgressView.swift; sourceTree = "<group>"; };
		748E7CFC258A1FE100477F53 /* HeaderView.swift */ = {isa = PBXFileReference; fileEncoding = 4; lastKnownFileType = sourcecode.swift; path = HeaderView.swift; sourceTree = "<group>"; };
		748E7D00258A1FE800477F53 /* InvestmentHeaderView.swift */ = {isa = PBXFileReference; fileEncoding = 4; lastKnownFileType = sourcecode.swift; path = InvestmentHeaderView.swift; sourceTree = "<group>"; };
		748E7D01258A1FE800477F53 /* StockPerformanceView.swift */ = {isa = PBXFileReference; fileEncoding = 4; lastKnownFileType = sourcecode.swift; path = StockPerformanceView.swift; sourceTree = "<group>"; };
		748E7D05258A1FF000477F53 /* PortfolioManager.swift */ = {isa = PBXFileReference; fileEncoding = 4; lastKnownFileType = sourcecode.swift; path = PortfolioManager.swift; sourceTree = "<group>"; };
		748E7D06258A1FF000477F53 /* PortfolioListView.swift */ = {isa = PBXFileReference; fileEncoding = 4; lastKnownFileType = sourcecode.swift; path = PortfolioListView.swift; sourceTree = "<group>"; };
		748E7D0A258A1FF600477F53 /* RealmObjects.swift */ = {isa = PBXFileReference; fileEncoding = 4; lastKnownFileType = sourcecode.swift; path = RealmObjects.swift; sourceTree = "<group>"; };
		748E7D0B258A1FF600477F53 /* FinancialAPIConnection.swift */ = {isa = PBXFileReference; fileEncoding = 4; lastKnownFileType = sourcecode.swift; path = FinancialAPIConnection.swift; sourceTree = "<group>"; };
		748E7D0F258A1FFC00477F53 /* SearchStockView.swift */ = {isa = PBXFileReference; fileEncoding = 4; lastKnownFileType = sourcecode.swift; path = SearchStockView.swift; sourceTree = "<group>"; };
		748E7D10258A1FFC00477F53 /* StockPageView.swift */ = {isa = PBXFileReference; fileEncoding = 4; lastKnownFileType = sourcecode.swift; path = StockPageView.swift; sourceTree = "<group>"; };
		748E7D11258A1FFD00477F53 /* StockCardView.swift */ = {isa = PBXFileReference; fileEncoding = 4; lastKnownFileType = sourcecode.swift; path = StockCardView.swift; sourceTree = "<group>"; };
		748E7D12258A1FFD00477F53 /* StockDataModel.swift */ = {isa = PBXFileReference; fileEncoding = 4; lastKnownFileType = sourcecode.swift; path = StockDataModel.swift; sourceTree = "<group>"; };
		748E7D13258A1FFD00477F53 /* SearchResultView.swift */ = {isa = PBXFileReference; fileEncoding = 4; lastKnownFileType = sourcecode.swift; path = SearchResultView.swift; sourceTree = "<group>"; };
		748E7D14258A1FFD00477F53 /* SellView.swift */ = {isa = PBXFileReference; fileEncoding = 4; lastKnownFileType = sourcecode.swift; path = SellView.swift; sourceTree = "<group>"; };
		748E7D29258A212100477F53 /* LandingPageView.swift */ = {isa = PBXFileReference; lastKnownFileType = sourcecode.swift; path = LandingPageView.swift; sourceTree = "<group>"; };
		7492AF1C25A029110039FCCF /* CompanyProfileView.swift */ = {isa = PBXFileReference; lastKnownFileType = sourcecode.swift; path = CompanyProfileView.swift; sourceTree = "<group>"; };
		7492AF2125A03A020039FCCF /* StockListView.swift */ = {isa = PBXFileReference; lastKnownFileType = sourcecode.swift; path = StockListView.swift; sourceTree = "<group>"; };
		74938F64258DFB17004385ED /* SettingsView.swift */ = {isa = PBXFileReference; lastKnownFileType = sourcecode.swift; path = SettingsView.swift; sourceTree = "<group>"; };
		74938F6F258E0765004385ED /* LottieView.swift */ = {isa = PBXFileReference; lastKnownFileType = sourcecode.swift; path = LottieView.swift; sourceTree = "<group>"; };
		74C16616259C6DBF009D7FB6 /* AnalystRecommendation.swift */ = {isa = PBXFileReference; lastKnownFileType = sourcecode.swift; path = AnalystRecommendation.swift; sourceTree = "<group>"; };
		74C16619259C70BE009D7FB6 /* SectorPerformance.swift */ = {isa = PBXFileReference; lastKnownFileType = sourcecode.swift; path = SectorPerformance.swift; sourceTree = "<group>"; };
		74C16623259C7850009D7FB6 /* DiscoverView.swift */ = {isa = PBXFileReference; lastKnownFileType = sourcecode.swift; path = DiscoverView.swift; sourceTree = "<group>"; };
		74C16627259C793E009D7FB6 /* SectorView.swift */ = {isa = PBXFileReference; lastKnownFileType = sourcecode.swift; path = SectorView.swift; sourceTree = "<group>"; };
		74D456D625A6BD26007AAF71 /* ChatViewController.swift */ = {isa = PBXFileReference; lastKnownFileType = sourcecode.swift; path = ChatViewController.swift; sourceTree = "<group>"; };
		74D9FC8B25B052BF00F2401A /* CryptoCardView.swift */ = {isa = PBXFileReference; lastKnownFileType = sourcecode.swift; path = CryptoCardView.swift; sourceTree = "<group>"; };
		9E2C6C9EEBAB95A17AADABCF /* Pods-GrowthPlus.release.xcconfig */ = {isa = PBXFileReference; includeInIndex = 1; lastKnownFileType = text.xcconfig; name = "Pods-GrowthPlus.release.xcconfig"; path = "Target Support Files/Pods-GrowthPlus/Pods-GrowthPlus.release.xcconfig"; sourceTree = "<group>"; };
/* End PBXFileReference section */

/* Begin PBXFrameworksBuildPhase section */
		748E7CDE258A1FAC00477F53 /* Frameworks */ = {
			isa = PBXFrameworksBuildPhase;
			buildActionMask = 2147483647;
			files = (
				74BCFF2525B05BCA001B8179 /* BuildFile in Frameworks */,
				74BCFF2025B05B52001B8179 /* BuildFile in Frameworks */,
				74CD0AAB25A5CE0000813963 /* BuildFile in Frameworks */,
				748390FF25A133D20000E9DA /* BuildFile in Frameworks */,
				7492AF06259ECBC10039FCCF /* BuildFile in Frameworks */,
				745510982595DE74008AA796 /* BuildFile in Frameworks */,
				74CD0AA925A5CE0000813963 /* BuildFile in Frameworks */,
				7496683E259C27A9008A7501 /* BuildFile in Frameworks */,
				74D9FCA125B05A7600F2401A /* BuildFile in Frameworks */,
				CCD6EEB3659CF2B9660B8A87 /* Pods_GrowthPlus.framework in Frameworks */,
			);
			runOnlyForDeploymentPostprocessing = 0;
		};
/* End PBXFrameworksBuildPhase section */

/* Begin PBXGroup section */
		0FFD095493B2DA2E437EBA9C /* Frameworks */ = {
			isa = PBXGroup;
			children = (
				3EAF9FE63D7E475EEE44D03A /* Pods_GrowthPlus.framework */,
			);
			name = Frameworks;
			sourceTree = "<group>";
		};
		5061E11EA1F588A41B616D87 /* Pods */ = {
			isa = PBXGroup;
			children = (
				027F67215F0C947997C4AF85 /* Pods-GrowthPlus.debug.xcconfig */,
				9E2C6C9EEBAB95A17AADABCF /* Pods-GrowthPlus.release.xcconfig */,
			);
			path = Pods;
			sourceTree = "<group>";
		};
		7407E73E25A4539000503D94 /* Search Page */ = {
			isa = PBXGroup;
			children = (
				748E7D0F258A1FFC00477F53 /* SearchStockView.swift */,
				748E7D13258A1FFD00477F53 /* SearchResultView.swift */,
			);
			path = "Search Page";
			sourceTree = "<group>";
		};
		7407E73F25A453A300503D94 /* Landing Page */ = {
			isa = PBXGroup;
			children = (
				748E7D29258A212100477F53 /* LandingPageView.swift */,
				748E7CFC258A1FE100477F53 /* HeaderView.swift */,
				748E7D00258A1FE800477F53 /* InvestmentHeaderView.swift */,
				7455106925941B4B008AA796 /* MenuUtilitiesView.swift */,
				748E7D06258A1FF000477F53 /* PortfolioListView.swift */,
				748E7D11258A1FFD00477F53 /* StockCardView.swift */,
				748E7D01258A1FE800477F53 /* StockPerformanceView.swift */,
				748E7CFB258A1FE100477F53 /* HorizontalProgressView.swift */,
				748E7D14258A1FFD00477F53 /* SellView.swift */,
			);
			path = "Landing Page";
			sourceTree = "<group>";
		};
		7407E74025A453C600503D94 /* Individual Stock Page */ = {
			isa = PBXGroup;
			children = (
				748E7D10258A1FFC00477F53 /* StockPageView.swift */,
				745510722594890B008AA796 /* NewsArticleView.swift */,
				7492AF1C25A029110039FCCF /* CompanyProfileView.swift */,
			);
			path = "Individual Stock Page";
			sourceTree = "<group>";
		};
		7407E74125A453ED00503D94 /* Settings Page */ = {
			isa = PBXGroup;
			children = (
				74938F64258DFB17004385ED /* SettingsView.swift */,
				7489C8D4258E102D0085BC69 /* ColorSelectionView.swift */,
				74441129258EF65A00F54290 /* TechShowcaseView.swift */,
				7444112F258EF83A00F54290 /* IndividualTechnologyView.swift */,
				74938F6F258E0765004385ED /* LottieView.swift */,
				7407E73B25A4531E00503D94 /* technology.json */,
				7407E73525A452FE00503D94 /* financial_lottie.json */,
				7407E73825A4531200503D94 /* painter.json */,
			);
			path = "Settings Page";
			sourceTree = "<group>";
		};
		748E7CD8258A1FAC00477F53 = {
			isa = PBXGroup;
			children = (
				748E7CE3258A1FAC00477F53 /* GrowthPlus */,
				748E7CE2258A1FAC00477F53 /* Products */,
				5061E11EA1F588A41B616D87 /* Pods */,
				0FFD095493B2DA2E437EBA9C /* Frameworks */,
			);
			sourceTree = "<group>";
		};
		748E7CE2258A1FAC00477F53 /* Products */ = {
			isa = PBXGroup;
			children = (
				748E7CE1258A1FAC00477F53 /* GrowthPlus.app */,
			);
			name = Products;
			sourceTree = "<group>";
		};
		748E7CE3258A1FAC00477F53 /* GrowthPlus */ = {
			isa = PBXGroup;
			children = (
				748E7CE4258A1FAC00477F53 /* GrowthPlusApp.swift */,
				748E7D28258A20FC00477F53 /* Views */,
				748E7D2C258A212B00477F53 /* Structs + Classes */,
				74938F1F258DE9E3004385ED /* Extensions */,
				748E7CED258A1FAC00477F53 /* Info.plist */,
				748E7CE8258A1FAC00477F53 /* Assets.xcassets */,
				748E7CEA258A1FAC00477F53 /* Preview Content */,
			);
			path = GrowthPlus;
			sourceTree = "<group>";
		};
		748E7CEA258A1FAC00477F53 /* Preview Content */ = {
			isa = PBXGroup;
			children = (
				748E7CEB258A1FAC00477F53 /* Preview Assets.xcassets */,
			);
			path = "Preview Content";
			sourceTree = "<group>";
		};
		748E7D28258A20FC00477F53 /* Views */ = {
			isa = PBXGroup;
			children = (
				7407E73F25A453A300503D94 /* Landing Page */,
				74C16622259C7841009D7FB6 /* Discover Page */,
				7407E73E25A4539000503D94 /* Search Page */,
				7407E74025A453C600503D94 /* Individual Stock Page */,
				7407E74125A453ED00503D94 /* Settings Page */,
				74D456D625A6BD26007AAF71 /* ChatViewController.swift */,
			);
			name = Views;
			sourceTree = "<group>";
		};
		748E7D2C258A212B00477F53 /* Structs + Classes */ = {
			isa = PBXGroup;
			children = (
				748E7D05258A1FF000477F53 /* PortfolioManager.swift */,
				748E7D0B258A1FF600477F53 /* FinancialAPIConnection.swift */,
				748E7D0A258A1FF600477F53 /* RealmObjects.swift */,
				748E7D12258A1FFD00477F53 /* StockDataModel.swift */,
				7489C8DA258E1F600085BC69 /* CustomColors.swift */,
				74441142258F098500F54290 /* GlobalVariables.swift */,
				74441145258F09B600F54290 /* TechnologyData.swift */,
				748B49482596DD2C00F10EFA /* StockDetailData.swift */,
				748B494B2596DD4A00F10EFA /* SearchResult.swift */,
				748B494E2596DD7200F10EFA /* StockNewsArticle.swift */,
				748B49512596DD8C00F10EFA /* StockChartPoint.swift */,
				748B49542596DDAE00F10EFA /* Earnings.swift */,
				748B49852598454400F10EFA /* CompanyProfile.swift */,
				74C16616259C6DBF009D7FB6 /* AnalystRecommendation.swift */,
				74C16619259C70BE009D7FB6 /* SectorPerformance.swift */,
				748390F125A11C2E0000E9DA /* StockListData.swift */,
				741A1AD025AFF0BA004CDA17 /* CryptocurrencyData.swift */,
			);
			name = "Structs + Classes";
			sourceTree = "<group>";
		};
		74938F1F258DE9E3004385ED /* Extensions */ = {
			isa = PBXGroup;
			children = (
				748E7CF5258A1FDA00477F53 /* Color+Extension.swift */,
			);
			name = Extensions;
			sourceTree = "<group>";
		};
		74C16622259C7841009D7FB6 /* Discover Page */ = {
			isa = PBXGroup;
			children = (
				74C16623259C7850009D7FB6 /* DiscoverView.swift */,
				74C16627259C793E009D7FB6 /* SectorView.swift */,
				7492AF2125A03A020039FCCF /* StockListView.swift */,
				7407E73225A452CF00503D94 /* education.json */,
				74D9FC8B25B052BF00F2401A /* CryptoCardView.swift */,
			);
			path = "Discover Page";
			sourceTree = "<group>";
		};
/* End PBXGroup section */

/* Begin PBXNativeTarget section */
		748E7CE0258A1FAC00477F53 /* GrowthPlus */ = {
			isa = PBXNativeTarget;
			buildConfigurationList = 748E7CF0258A1FAC00477F53 /* Build configuration list for PBXNativeTarget "GrowthPlus" */;
			buildPhases = (
				27291295E6F2351884C0E35C /* [CP] Check Pods Manifest.lock */,
				748E7CDD258A1FAC00477F53 /* Sources */,
				748E7CDE258A1FAC00477F53 /* Frameworks */,
				748E7CDF258A1FAC00477F53 /* Resources */,
				C8338DE4FAD88C64F5DE0392 /* [CP] Embed Pods Frameworks */,
			);
			buildRules = (
			);
			dependencies = (
			);
			name = GrowthPlus;
			packageProductDependencies = (
				745510972595DE74008AA796 /* SwiftPackageProductDependency */,
				7496683D259C27A9008A7501 /* SwiftPackageProductDependency */,
				7492AF05259ECBC10039FCCF /* SwiftPackageProductDependency */,
				748390FE25A133D20000E9DA /* SwiftPackageProductDependency */,
				74CD0AA825A5CE0000813963 /* SwiftPackageProductDependency */,
				74CD0AAA25A5CE0000813963 /* SwiftPackageProductDependency */,
				74D9FCA025B05A7600F2401A /* SwiftPackageProductDependency */,
				74BCFF1F25B05B52001B8179 /* SwiftPackageProductDependency */,
				74BCFF2425B05BCA001B8179 /* SwiftPackageProductDependency */,
			);
			productName = GrowthPlus;
			productReference = 748E7CE1258A1FAC00477F53 /* GrowthPlus.app */;
			productType = "com.apple.product-type.application";
		};
/* End PBXNativeTarget section */

/* Begin PBXProject section */
		748E7CD9258A1FAC00477F53 /* Project object */ = {
			isa = PBXProject;
			attributes = {
				LastSwiftUpdateCheck = 1230;
				LastUpgradeCheck = 1230;
				TargetAttributes = {
					748E7CE0258A1FAC00477F53 = {
						CreatedOnToolsVersion = 12.3;
					};
				};
			};
			buildConfigurationList = 748E7CDC258A1FAC00477F53 /* Build configuration list for PBXProject "GrowthPlus" */;
			compatibilityVersion = "Xcode 9.3";
			developmentRegion = en;
			hasScannedForEncodings = 0;
			knownRegions = (
				en,
				Base,
			);
			mainGroup = 748E7CD8258A1FAC00477F53;
			packageReferences = (
				74938F5F258DF8AE004385ED /* RemoteSwiftPackageReference */,
				7455108025948EF7008AA796 /* RemoteSwiftPackageReference */,
				745510962595DE74008AA796 /* RemoteSwiftPackageReference */,
				7496683C259C27A9008A7501 /* RemoteSwiftPackageReference */,
				7492AF04259ECBC10039FCCF /* RemoteSwiftPackageReference */,
				748390FD25A133D20000E9DA /* RemoteSwiftPackageReference */,
				74CD0AA725A5CE0000813963 /* RemoteSwiftPackageReference */,
				74D9FC9F25B05A7500F2401A /* RemoteSwiftPackageReference */,
				74BCFF1E25B05B52001B8179 /* RemoteSwiftPackageReference */,
				74BCFF2325B05BCA001B8179 /* RemoteSwiftPackageReference */,
			);
			productRefGroup = 748E7CE2258A1FAC00477F53 /* Products */;
			projectDirPath = "";
			projectRoot = "";
			targets = (
				748E7CE0258A1FAC00477F53 /* GrowthPlus */,
			);
		};
/* End PBXProject section */

/* Begin PBXResourcesBuildPhase section */
		748E7CDF258A1FAC00477F53 /* Resources */ = {
			isa = PBXResourcesBuildPhase;
			buildActionMask = 2147483647;
			files = (
				748E7CEC258A1FAC00477F53 /* Preview Assets.xcassets in Resources */,
				7407E73925A4531200503D94 /* painter.json in Resources */,
				7407E73325A452CF00503D94 /* education.json in Resources */,
				7407E73C25A4531E00503D94 /* technology.json in Resources */,
				7407E73625A452FE00503D94 /* financial_lottie.json in Resources */,
				748E7CE9258A1FAC00477F53 /* Assets.xcassets in Resources */,
			);
			runOnlyForDeploymentPostprocessing = 0;
		};
/* End PBXResourcesBuildPhase section */

/* Begin PBXShellScriptBuildPhase section */
		27291295E6F2351884C0E35C /* [CP] Check Pods Manifest.lock */ = {
			isa = PBXShellScriptBuildPhase;
			buildActionMask = 2147483647;
			files = (
			);
			inputFileListPaths = (
			);
			inputPaths = (
				"${PODS_PODFILE_DIR_PATH}/Podfile.lock",
				"${PODS_ROOT}/Manifest.lock",
			);
			name = "[CP] Check Pods Manifest.lock";
			outputFileListPaths = (
			);
			outputPaths = (
				"$(DERIVED_FILE_DIR)/Pods-GrowthPlus-checkManifestLockResult.txt",
			);
			runOnlyForDeploymentPostprocessing = 0;
			shellPath = /bin/sh;
			shellScript = "diff \"${PODS_PODFILE_DIR_PATH}/Podfile.lock\" \"${PODS_ROOT}/Manifest.lock\" > /dev/null\nif [ $? != 0 ] ; then\n    # print error to STDERR\n    echo \"error: The sandbox is not in sync with the Podfile.lock. Run 'pod install' or update your CocoaPods installation.\" >&2\n    exit 1\nfi\n# This output is used by Xcode 'outputs' to avoid re-running this script phase.\necho \"SUCCESS\" > \"${SCRIPT_OUTPUT_FILE_0}\"\n";
			showEnvVarsInLog = 0;
		};
		C8338DE4FAD88C64F5DE0392 /* [CP] Embed Pods Frameworks */ = {
			isa = PBXShellScriptBuildPhase;
			buildActionMask = 2147483647;
			files = (
			);
			inputFileListPaths = (
				"${PODS_ROOT}/Target Support Files/Pods-GrowthPlus/Pods-GrowthPlus-frameworks-${CONFIGURATION}-input-files.xcfilelist",
			);
			name = "[CP] Embed Pods Frameworks";
			outputFileListPaths = (
				"${PODS_ROOT}/Target Support Files/Pods-GrowthPlus/Pods-GrowthPlus-frameworks-${CONFIGURATION}-output-files.xcfilelist",
			);
			runOnlyForDeploymentPostprocessing = 0;
			shellPath = /bin/sh;
			shellScript = "\"${PODS_ROOT}/Target Support Files/Pods-GrowthPlus/Pods-GrowthPlus-frameworks.sh\"\n";
			showEnvVarsInLog = 0;
		};
/* End PBXShellScriptBuildPhase section */

/* Begin PBXSourcesBuildPhase section */
		748E7CDD258A1FAC00477F53 /* Sources */ = {
			isa = PBXSourcesBuildPhase;
			buildActionMask = 2147483647;
			files = (
				741A1AD125AFF0BA004CDA17 /* CryptocurrencyData.swift in Sources */,
				748B49552596DDAE00F10EFA /* Earnings.swift in Sources */,
				7455106A25941B4B008AA796 /* MenuUtilitiesView.swift in Sources */,
				748B49492596DD2C00F10EFA /* StockDetailData.swift in Sources */,
				748E7D17258A1FFD00477F53 /* StockCardView.swift in Sources */,
				74938F70258E0765004385ED /* LottieView.swift in Sources */,
				748E7D16258A1FFD00477F53 /* StockPageView.swift in Sources */,
				7489C8D5258E102D0085BC69 /* ColorSelectionView.swift in Sources */,
				74441146258F09B600F54290 /* TechnologyData.swift in Sources */,
				748E7D02258A1FE800477F53 /* InvestmentHeaderView.swift in Sources */,
				74938F65258DFB17004385ED /* SettingsView.swift in Sources */,
				7492AF1D25A029110039FCCF /* CompanyProfileView.swift in Sources */,
				748B49862598454400F10EFA /* CompanyProfile.swift in Sources */,
				748E7D0C258A1FF600477F53 /* RealmObjects.swift in Sources */,
				748E7D07258A1FF000477F53 /* PortfolioManager.swift in Sources */,
				74C16628259C793E009D7FB6 /* SectorView.swift in Sources */,
				748E7CFD258A1FE100477F53 /* HorizontalProgressView.swift in Sources */,
				748E7CFE258A1FE100477F53 /* HeaderView.swift in Sources */,
				748E7D08258A1FF000477F53 /* PortfolioListView.swift in Sources */,
				748E7CE5258A1FAC00477F53 /* GrowthPlusApp.swift in Sources */,
				748E7D18258A1FFD00477F53 /* StockDataModel.swift in Sources */,
				748E7D0D258A1FF600477F53 /* FinancialAPIConnection.swift in Sources */,
				748E7D1A258A1FFD00477F53 /* SellView.swift in Sources */,
				748E7D19258A1FFD00477F53 /* SearchResultView.swift in Sources */,
				7489C8DB258E1F600085BC69 /* CustomColors.swift in Sources */,
				748390F225A11C2E0000E9DA /* StockListData.swift in Sources */,
				748B494C2596DD4A00F10EFA /* SearchResult.swift in Sources */,
				74C16624259C7850009D7FB6 /* DiscoverView.swift in Sources */,
				74441130258EF83A00F54290 /* IndividualTechnologyView.swift in Sources */,
				74441143258F098500F54290 /* GlobalVariables.swift in Sources */,
				748E7D03258A1FE800477F53 /* StockPerformanceView.swift in Sources */,
				74D9FC8C25B052BF00F2401A /* CryptoCardView.swift in Sources */,
				748B494F2596DD7200F10EFA /* StockNewsArticle.swift in Sources */,
				748E7D2A258A212100477F53 /* LandingPageView.swift in Sources */,
				74C1661A259C70BE009D7FB6 /* SectorPerformance.swift in Sources */,
				745510732594890B008AA796 /* NewsArticleView.swift in Sources */,
				74C16617259C6DBF009D7FB6 /* AnalystRecommendation.swift in Sources */,
				7444112A258EF65A00F54290 /* TechShowcaseView.swift in Sources */,
				748E7CF8258A1FDA00477F53 /* Color+Extension.swift in Sources */,
				74D456D725A6BD26007AAF71 /* ChatViewController.swift in Sources */,
				7492AF2225A03A020039FCCF /* StockListView.swift in Sources */,
				748E7D15258A1FFD00477F53 /* SearchStockView.swift in Sources */,
				748B49522596DD8C00F10EFA /* StockChartPoint.swift in Sources */,
			);
			runOnlyForDeploymentPostprocessing = 0;
		};
/* End PBXSourcesBuildPhase section */

/* Begin XCBuildConfiguration section */
		748E7CEE258A1FAC00477F53 /* Debug */ = {
			isa = XCBuildConfiguration;
			buildSettings = {
				ALWAYS_SEARCH_USER_PATHS = NO;
				CLANG_ANALYZER_NONNULL = YES;
				CLANG_ANALYZER_NUMBER_OBJECT_CONVERSION = YES_AGGRESSIVE;
				CLANG_CXX_LANGUAGE_STANDARD = "gnu++14";
				CLANG_CXX_LIBRARY = "libc++";
				CLANG_ENABLE_MODULES = YES;
				CLANG_ENABLE_OBJC_ARC = YES;
				CLANG_ENABLE_OBJC_WEAK = YES;
				CLANG_WARN_BLOCK_CAPTURE_AUTORELEASING = YES;
				CLANG_WARN_BOOL_CONVERSION = YES;
				CLANG_WARN_COMMA = YES;
				CLANG_WARN_CONSTANT_CONVERSION = YES;
				CLANG_WARN_DEPRECATED_OBJC_IMPLEMENTATIONS = YES;
				CLANG_WARN_DIRECT_OBJC_ISA_USAGE = YES_ERROR;
				CLANG_WARN_DOCUMENTATION_COMMENTS = YES;
				CLANG_WARN_EMPTY_BODY = YES;
				CLANG_WARN_ENUM_CONVERSION = YES;
				CLANG_WARN_INFINITE_RECURSION = YES;
				CLANG_WARN_INT_CONVERSION = YES;
				CLANG_WARN_NON_LITERAL_NULL_CONVERSION = YES;
				CLANG_WARN_OBJC_IMPLICIT_RETAIN_SELF = YES;
				CLANG_WARN_OBJC_LITERAL_CONVERSION = YES;
				CLANG_WARN_OBJC_ROOT_CLASS = YES_ERROR;
				CLANG_WARN_QUOTED_INCLUDE_IN_FRAMEWORK_HEADER = YES;
				CLANG_WARN_RANGE_LOOP_ANALYSIS = YES;
				CLANG_WARN_STRICT_PROTOTYPES = YES;
				CLANG_WARN_SUSPICIOUS_MOVE = YES;
				CLANG_WARN_UNGUARDED_AVAILABILITY = YES_AGGRESSIVE;
				CLANG_WARN_UNREACHABLE_CODE = YES;
				CLANG_WARN__DUPLICATE_METHOD_MATCH = YES;
				COPY_PHASE_STRIP = NO;
				DEBUG_INFORMATION_FORMAT = dwarf;
				ENABLE_STRICT_OBJC_MSGSEND = YES;
				ENABLE_TESTABILITY = YES;
				GCC_C_LANGUAGE_STANDARD = gnu11;
				GCC_DYNAMIC_NO_PIC = NO;
				GCC_NO_COMMON_BLOCKS = YES;
				GCC_OPTIMIZATION_LEVEL = 0;
				GCC_PREPROCESSOR_DEFINITIONS = (
					"DEBUG=1",
					"$(inherited)",
				);
				GCC_WARN_64_TO_32_BIT_CONVERSION = YES;
				GCC_WARN_ABOUT_RETURN_TYPE = YES_ERROR;
				GCC_WARN_UNDECLARED_SELECTOR = YES;
				GCC_WARN_UNINITIALIZED_AUTOS = YES_AGGRESSIVE;
				GCC_WARN_UNUSED_FUNCTION = YES;
				GCC_WARN_UNUSED_VARIABLE = YES;
				IPHONEOS_DEPLOYMENT_TARGET = 14.3;
				MTL_ENABLE_DEBUG_INFO = INCLUDE_SOURCE;
				MTL_FAST_MATH = YES;
				ONLY_ACTIVE_ARCH = YES;
				SDKROOT = iphoneos;
				SWIFT_ACTIVE_COMPILATION_CONDITIONS = DEBUG;
				SWIFT_OPTIMIZATION_LEVEL = "-Onone";
			};
			name = Debug;
		};
		748E7CEF258A1FAC00477F53 /* Release */ = {
			isa = XCBuildConfiguration;
			buildSettings = {
				ALWAYS_SEARCH_USER_PATHS = NO;
				CLANG_ANALYZER_NONNULL = YES;
				CLANG_ANALYZER_NUMBER_OBJECT_CONVERSION = YES_AGGRESSIVE;
				CLANG_CXX_LANGUAGE_STANDARD = "gnu++14";
				CLANG_CXX_LIBRARY = "libc++";
				CLANG_ENABLE_MODULES = YES;
				CLANG_ENABLE_OBJC_ARC = YES;
				CLANG_ENABLE_OBJC_WEAK = YES;
				CLANG_WARN_BLOCK_CAPTURE_AUTORELEASING = YES;
				CLANG_WARN_BOOL_CONVERSION = YES;
				CLANG_WARN_COMMA = YES;
				CLANG_WARN_CONSTANT_CONVERSION = YES;
				CLANG_WARN_DEPRECATED_OBJC_IMPLEMENTATIONS = YES;
				CLANG_WARN_DIRECT_OBJC_ISA_USAGE = YES_ERROR;
				CLANG_WARN_DOCUMENTATION_COMMENTS = YES;
				CLANG_WARN_EMPTY_BODY = YES;
				CLANG_WARN_ENUM_CONVERSION = YES;
				CLANG_WARN_INFINITE_RECURSION = YES;
				CLANG_WARN_INT_CONVERSION = YES;
				CLANG_WARN_NON_LITERAL_NULL_CONVERSION = YES;
				CLANG_WARN_OBJC_IMPLICIT_RETAIN_SELF = YES;
				CLANG_WARN_OBJC_LITERAL_CONVERSION = YES;
				CLANG_WARN_OBJC_ROOT_CLASS = YES_ERROR;
				CLANG_WARN_QUOTED_INCLUDE_IN_FRAMEWORK_HEADER = YES;
				CLANG_WARN_RANGE_LOOP_ANALYSIS = YES;
				CLANG_WARN_STRICT_PROTOTYPES = YES;
				CLANG_WARN_SUSPICIOUS_MOVE = YES;
				CLANG_WARN_UNGUARDED_AVAILABILITY = YES_AGGRESSIVE;
				CLANG_WARN_UNREACHABLE_CODE = YES;
				CLANG_WARN__DUPLICATE_METHOD_MATCH = YES;
				COPY_PHASE_STRIP = NO;
				DEBUG_INFORMATION_FORMAT = "dwarf-with-dsym";
				ENABLE_NS_ASSERTIONS = NO;
				ENABLE_STRICT_OBJC_MSGSEND = YES;
				GCC_C_LANGUAGE_STANDARD = gnu11;
				GCC_NO_COMMON_BLOCKS = YES;
				GCC_WARN_64_TO_32_BIT_CONVERSION = YES;
				GCC_WARN_ABOUT_RETURN_TYPE = YES_ERROR;
				GCC_WARN_UNDECLARED_SELECTOR = YES;
				GCC_WARN_UNINITIALIZED_AUTOS = YES_AGGRESSIVE;
				GCC_WARN_UNUSED_FUNCTION = YES;
				GCC_WARN_UNUSED_VARIABLE = YES;
				IPHONEOS_DEPLOYMENT_TARGET = 14.3;
				MTL_ENABLE_DEBUG_INFO = NO;
				MTL_FAST_MATH = YES;
				SDKROOT = iphoneos;
				SWIFT_COMPILATION_MODE = wholemodule;
				SWIFT_OPTIMIZATION_LEVEL = "-O";
				VALIDATE_PRODUCT = YES;
			};
			name = Release;
		};
		748E7CF1258A1FAC00477F53 /* Debug */ = {
			isa = XCBuildConfiguration;
			baseConfigurationReference = 027F67215F0C947997C4AF85 /* Pods-GrowthPlus.debug.xcconfig */;
			buildSettings = {
				ASSETCATALOG_COMPILER_APPICON_NAME = AppIcon;
				ASSETCATALOG_COMPILER_GLOBAL_ACCENT_COLOR_NAME = AccentColor;
				CODE_SIGN_STYLE = Automatic;
				CURRENT_PROJECT_VERSION = 10;
				DEVELOPMENT_ASSET_PATHS = "\"GrowthPlus/Preview Content\"";
				DEVELOPMENT_TEAM = 2SDN5A8D5U;
				ENABLE_PREVIEWS = YES;
				INFOPLIST_FILE = GrowthPlus/Info.plist;
				IPHONEOS_DEPLOYMENT_TARGET = 14.0;
				LD_RUNPATH_SEARCH_PATHS = (
					"$(inherited)",
					"@executable_path/Frameworks",
				);
				MARKETING_VERSION = 3.3;
				PRODUCT_BUNDLE_IDENTIFIER = com.RastaarHaghi.GrowthPlus;
				PRODUCT_NAME = "$(TARGET_NAME)";
				SWIFT_VERSION = 5.0;
				TARGETED_DEVICE_FAMILY = 1;
			};
			name = Debug;
		};
		748E7CF2258A1FAC00477F53 /* Release */ = {
			isa = XCBuildConfiguration;
			baseConfigurationReference = 9E2C6C9EEBAB95A17AADABCF /* Pods-GrowthPlus.release.xcconfig */;
			buildSettings = {
				ASSETCATALOG_COMPILER_APPICON_NAME = AppIcon;
				ASSETCATALOG_COMPILER_GLOBAL_ACCENT_COLOR_NAME = AccentColor;
				CODE_SIGN_STYLE = Automatic;
				CURRENT_PROJECT_VERSION = 10;
				DEVELOPMENT_ASSET_PATHS = "\"GrowthPlus/Preview Content\"";
				DEVELOPMENT_TEAM = 2SDN5A8D5U;
				ENABLE_PREVIEWS = YES;
				INFOPLIST_FILE = GrowthPlus/Info.plist;
				IPHONEOS_DEPLOYMENT_TARGET = 14.0;
				LD_RUNPATH_SEARCH_PATHS = (
					"$(inherited)",
					"@executable_path/Frameworks",
				);
				MARKETING_VERSION = 3.3;
				PRODUCT_BUNDLE_IDENTIFIER = com.RastaarHaghi.GrowthPlus;
				PRODUCT_NAME = "$(TARGET_NAME)";
				SWIFT_VERSION = 5.0;
				TARGETED_DEVICE_FAMILY = 1;
			};
			name = Release;
		};
/* End XCBuildConfiguration section */

/* Begin XCConfigurationList section */
		748E7CDC258A1FAC00477F53 /* Build configuration list for PBXProject "GrowthPlus" */ = {
			isa = XCConfigurationList;
			buildConfigurations = (
				748E7CEE258A1FAC00477F53 /* Debug */,
				748E7CEF258A1FAC00477F53 /* Release */,
			);
			defaultConfigurationIsVisible = 0;
			defaultConfigurationName = Release;
		};
		748E7CF0258A1FAC00477F53 /* Build configuration list for PBXNativeTarget "GrowthPlus" */ = {
			isa = XCConfigurationList;
			buildConfigurations = (
				748E7CF1258A1FAC00477F53 /* Debug */,
				748E7CF2258A1FAC00477F53 /* Release */,
			);
			defaultConfigurationIsVisible = 0;
			defaultConfigurationName = Release;
		};
/* End XCConfigurationList section */

/* Begin XCRemoteSwiftPackageReference section */
		7455108025948EF7008AA796 /* RemoteSwiftPackageReference */ = {
			isa = XCRemoteSwiftPackageReference;
			repositoryURL = "https://github.com/dmytro-anokhin/url-image";
			requirement = {
				kind = upToNextMajorVersion;
				minimumVersion = 2.2.0;
			};
		};
		745510962595DE74008AA796 /* RemoteSwiftPackageReference */ = {
			isa = XCRemoteSwiftPackageReference;
			repositoryURL = "https://github.com/AppPear/ChartView";
			requirement = {
				kind = upToNextMajorVersion;
				minimumVersion = 1.5.4;
			};
		};
		748390FD25A133D20000E9DA /* RemoteSwiftPackageReference */ = {
			isa = XCRemoteSwiftPackageReference;
			repositoryURL = "https://github.com/exyte/ActivityIndicatorView";
			requirement = {
				kind = upToNextMajorVersion;
				minimumVersion = 0.0.6;
			};
		};
		7492AF04259ECBC10039FCCF /* RemoteSwiftPackageReference */ = {
			isa = XCRemoteSwiftPackageReference;
			repositoryURL = "https://github.com/exyte/PopupView";
			requirement = {
				kind = upToNextMajorVersion;
				minimumVersion = 0.0.10;
			};
		};
		74938F5F258DF8AE004385ED /* RemoteSwiftPackageReference */ = {
			isa = XCRemoteSwiftPackageReference;
			repositoryURL = "https://github.com/ziligy/ConfettiView";
			requirement = {
				kind = upToNextMajorVersion;
				minimumVersion = 1.0.1;
			};
		};
		7496683C259C27A9008A7501 /* RemoteSwiftPackageReference */ = {
			isa = XCRemoteSwiftPackageReference;
			repositoryURL = "https://github.com/CSolanaM/SkeletonUI";
			requirement = {
				kind = upToNextMajorVersion;
				minimumVersion = 1.0.5;
			};
		};
		74BCFF1E25B05B52001B8179 /* RemoteSwiftPackageReference */ = {
			isa = XCRemoteSwiftPackageReference;
			repositoryURL = "https://github.com/Alamofire/Alamofire";
			requirement = {
				kind = upToNextMajorVersion;
				minimumVersion = 5.4.1;
			};
		};
		74BCFF2325B05BCA001B8179 /* RemoteSwiftPackageReference */ = {
			isa = XCRemoteSwiftPackageReference;
			repositoryURL = "https://github.com/SwiftyJSON/SwiftyJSON";
			requirement = {
				kind = upToNextMajorVersion;
				minimumVersion = 5.0.0;
			};
		};
		74CD0AA725A5CE0000813963 /* RemoteSwiftPackageReference */ = {
			isa = XCRemoteSwiftPackageReference;
			repositoryURL = "https://github.com/realm/realm-cocoa";
			requirement = {
				kind = upToNextMajorVersion;
				minimumVersion = 10.5.0;
			};
		};
		74D9FC9F25B05A7500F2401A /* RemoteSwiftPackageReference */ = {
			isa = XCRemoteSwiftPackageReference;
			repositoryURL = "https://github.com/airbnb/lottie-ios";
			requirement = {
				kind = upToNextMajorVersion;
				minimumVersion = 3.1.9;
			};
		};
/* End XCRemoteSwiftPackageReference section */

/* Begin XCSwiftPackageProductDependency section */
		745510972595DE74008AA796 /* SwiftPackageProductDependency */ = {
			isa = XCSwiftPackageProductDependency;
			package = 745510962595DE74008AA796 /* RemoteSwiftPackageReference */;
			productName = SwiftUICharts;
		};
		748390FE25A133D20000E9DA /* SwiftPackageProductDependency */ = {
			isa = XCSwiftPackageProductDependency;
			package = 748390FD25A133D20000E9DA /* RemoteSwiftPackageReference */;
			productName = ActivityIndicatorView;
		};
		7492AF05259ECBC10039FCCF /* SwiftPackageProductDependency */ = {
			isa = XCSwiftPackageProductDependency;
			package = 7492AF04259ECBC10039FCCF /* RemoteSwiftPackageReference */;
			productName = PopupView;
		};
		7496683D259C27A9008A7501 /* SwiftPackageProductDependency */ = {
			isa = XCSwiftPackageProductDependency;
			package = 7496683C259C27A9008A7501 /* RemoteSwiftPackageReference */;
			productName = SkeletonUI;
		};
		74BCFF1F25B05B52001B8179 /* SwiftPackageProductDependency */ = {
			isa = XCSwiftPackageProductDependency;
			package = 74BCFF1E25B05B52001B8179 /* RemoteSwiftPackageReference */;
			productName = Alamofire;
		};
		74BCFF2425B05BCA001B8179 /* SwiftPackageProductDependency */ = {
			isa = XCSwiftPackageProductDependency;
			package = 74BCFF2325B05BCA001B8179 /* RemoteSwiftPackageReference */;
			productName = SwiftyJSON;
		};
		74CD0AA825A5CE0000813963 /* SwiftPackageProductDependency */ = {
			isa = XCSwiftPackageProductDependency;
			package = 74CD0AA725A5CE0000813963 /* RemoteSwiftPackageReference */;
			productName = RealmSwift;
		};
		74CD0AAA25A5CE0000813963 /* SwiftPackageProductDependency */ = {
			isa = XCSwiftPackageProductDependency;
			package = 74CD0AA725A5CE0000813963 /* RemoteSwiftPackageReference */;
			productName = Realm;
		};
		74D9FCA025B05A7600F2401A /* SwiftPackageProductDependency */ = {
			isa = XCSwiftPackageProductDependency;
			package = 74D9FC9F25B05A7500F2401A /* RemoteSwiftPackageReference */;
			productName = Lottie;
		};
/* End XCSwiftPackageProductDependency section */
	};
	rootObject = 748E7CD9258A1FAC00477F53 /* Project object */;
}
